
Microsoft Visual Studio Solution File, Format Version 12.00
# Visual Studio Version 16
VisualStudioVersion = 16.0.29201.188
MinimumVisualStudioVersion = 10.0.40219.1
Project("{FAE04EC0-301F-11D3-BF4B-00C04F79EFBC}") = "Stack", "Stack\Stack.csproj", "{ACB0C293-8CF0-428F-A480-E281C965DFAC}"
EndProject
Global
	GlobalSection(SolutionConfigurationPlatforms) = preSolution
		Debug|Any CPU = Debug|Any CPU
		Release|Any CPU = Release|Any CPU
	EndGlobalSection
	GlobalSection(ProjectConfigurationPlatforms) = postSolution
		{ACB0C293-8CF0-428F-A480-E281C965DFAC}.Debug|Any CPU.ActiveCfg = Debug|Any CPU
		{ACB0C293-8CF0-428F-A480-E281C965DFAC}.Debug|Any CPU.Build.0 = Debug|Any CPU
		{ACB0C293-8CF0-428F-A480-E281C965DFAC}.Release|Any CPU.ActiveCfg = Release|Any CPU
		{ACB0C293-8CF0-428F-A480-E281C965DFAC}.Release|Any CPU.Build.0 = Release|Any CPU
	EndGlobalSection
	GlobalSection(SolutionProperties) = preSolution
		HideSolutionNode = FALSE
	EndGlobalSection
	GlobalSection(ExtensibilityGlobals) = postSolution
		SolutionGuid = {A5DDA3CE-C73B-417B-8B6E-3C2C5E5D4326}
	EndGlobalSection
EndGlobal
